
Microsoft Visual Studio Solution File, Format Version 12.00
# Visual Studio Version 17
VisualStudioVersion = 17.5.002.0
MinimumVisualStudioVersion = 10.0.40219.1
Project("{9A19103F-16F7-4668-BE54-9A1E7A4F7556}") = "new_new_test", "new_new_test.csproj", "{6515E480-EAA8-4612-BEDE-0C4FB23166BA}"
EndProject
Project("{9A19103F-16F7-4668-BE54-9A1E7A4F7556}") = "platformertest", "platformertest.csproj", "{BBECE0BB-B882-498F-8176-893FC84090CE}"
EndProject
Global
	GlobalSection(SolutionConfigurationPlatforms) = preSolution
		Debug|Any CPU = Debug|Any CPU
		Release|Any CPU = Release|Any CPU
	EndGlobalSection
	GlobalSection(ProjectConfigurationPlatforms) = postSolution
		{6515E480-EAA8-4612-BEDE-0C4FB23166BA}.Debug|Any CPU.ActiveCfg = Debug|Any CPU
		{6515E480-EAA8-4612-BEDE-0C4FB23166BA}.Debug|Any CPU.Build.0 = Debug|Any CPU
		{6515E480-EAA8-4612-BEDE-0C4FB23166BA}.Release|Any CPU.ActiveCfg = Release|Any CPU
		{6515E480-EAA8-4612-BEDE-0C4FB23166BA}.Release|Any CPU.Build.0 = Release|Any CPU
		{BBECE0BB-B882-498F-8176-893FC84090CE}.Debug|Any CPU.ActiveCfg = Debug|Any CPU
		{BBECE0BB-B882-498F-8176-893FC84090CE}.Debug|Any CPU.Build.0 = Debug|Any CPU
		{BBECE0BB-B882-498F-8176-893FC84090CE}.Release|Any CPU.ActiveCfg = Release|Any CPU
		{BBECE0BB-B882-498F-8176-893FC84090CE}.Release|Any CPU.Build.0 = Release|Any CPU
	EndGlobalSection
	GlobalSection(SolutionProperties) = preSolution
		HideSolutionNode = FALSE
	EndGlobalSection
	GlobalSection(ExtensibilityGlobals) = postSolution
		SolutionGuid = {30C104FD-1C15-476F-83DE-1AC857065C45}
	EndGlobalSection
EndGlobal
